
Microsoft Visual Studio Solution File, Format Version 11.00
# Visual Studio 2010
Project("{8BC9CEB8-8B4A-11D0-8D11-00A0C91BC942}") = "FVPSingleDumper", "FVPSingleDumper\FVPSingleDumper.vcxproj", "{32C7B5B0-9464-4DF9-98E8-23D73498CA4C}"
EndProject
Global
	GlobalSection(SolutionConfigurationPlatforms) = preSolution
		Debug|Win32 = Debug|Win32
		Release|Win32 = Release|Win32
	EndGlobalSection
	GlobalSection(ProjectConfigurationPlatforms) = postSolution
		{32C7B5B0-9464-4DF9-98E8-23D73498CA4C}.Debug|Win32.ActiveCfg = Debug|Win32
		{32C7B5B0-9464-4DF9-98E8-23D73498CA4C}.Debug|Win32.Build.0 = Debug|Win32
		{32C7B5B0-9464-4DF9-98E8-23D73498CA4C}.Release|Win32.ActiveCfg = Release|Win32
		{32C7B5B0-9464-4DF9-98E8-23D73498CA4C}.Release|Win32.Build.0 = Release|Win32
	EndGlobalSection
	GlobalSection(SolutionProperties) = preSolution
		HideSolutionNode = FALSE
	EndGlobalSection
EndGlobal
