
Microsoft Visual Studio Solution File, Format Version 12.00
# Visual Studio 2012
Project("{8BC9CEB8-8B4A-11D0-8D11-00A0C91BC942}") = "FVPTextExtract", "FVPTextExtract\FVPTextExtract.vcxproj", "{A99B7CFA-A992-4C88-A535-73D4E5BF1E7A}"
EndProject
Global
	GlobalSection(SolutionConfigurationPlatforms) = preSolution
		Debug|Win32 = Debug|Win32
		Release|Win32 = Release|Win32
	EndGlobalSection
	GlobalSection(ProjectConfigurationPlatforms) = postSolution
		{A99B7CFA-A992-4C88-A535-73D4E5BF1E7A}.Debug|Win32.ActiveCfg = Debug|Win32
		{A99B7CFA-A992-4C88-A535-73D4E5BF1E7A}.Debug|Win32.Build.0 = Debug|Win32
		{A99B7CFA-A992-4C88-A535-73D4E5BF1E7A}.Release|Win32.ActiveCfg = Release|Win32
		{A99B7CFA-A992-4C88-A535-73D4E5BF1E7A}.Release|Win32.Build.0 = Release|Win32
	EndGlobalSection
	GlobalSection(SolutionProperties) = preSolution
		HideSolutionNode = FALSE
	EndGlobalSection
EndGlobal
